{
  "nodes": {
    "nixpkgs": {
      "locked": {
        "lastModified": 1781999100,
        "narHash": "sha256-1boJmgBroTFlzNlwuytgpseDHLqb4BjQgqewQpKDLDs=",
        "owner": "NixOS",
        "repo": "nixpkgs",
        "rev": "fb5801cc1be2e032e0bec07f2206e2cbe98fb3c6",
        "type": "github"
      },
      "original": {
        "owner": "NixOS",
        "ref": "nixos-unstable",
        "repo": "nixpkgs",
        "type": "github"
      }
    },
    "root": {
      "inputs": {
        "nixpkgs": "nixpkgs"
      }
    }
  },
  "root": "root",
  "version": 7
}
